
Microsoft Visual Studio Solution File, Format Version 12.00
# Visual Studio 15
VisualStudioVersion = 15.0.28307.1340
MinimumVisualStudioVersion = 10.0.40219.1
Project("{8BC9CEB8-8B4A-11D0-8D11-00A0C91BC942}") = "baekjoon", "baekjoon\baekjoon.vcxproj", "{9C5BFF5A-F9AB-40C2-86F3-7A2999B97F84}"
EndProject
Project("{2150E333-8FDC-42A3-9474-1A3956D46DE8}") = "Solution Items", "Solution Items", "{13553EBE-F4EC-4A56-9C3C-D7D9BAE48369}"
	ProjectSection(SolutionItems) = preProject
		README.md = README.md
	EndProjectSection
EndProject
Project("{8BC9CEB8-8B4A-11D0-8D11-00A0C91BC942}") = "testcase", "testcase\testcase.vcxproj", "{837D7127-8CC8-4BE6-854A-08FD0ED9AA9D}"
EndProject
Project("{8BC9CEB8-8B4A-11D0-8D11-00A0C91BC942}") = "BFS_DFS", "BFS_DFS\BFS_DFS.vcxproj", "{C8E7FAFF-C9C3-4ED3-B132-22ABBC7F4EDD}"
EndProject
Project("{8BC9CEB8-8B4A-11D0-8D11-00A0C91BC942}") = "DP", "DP\DP.vcxproj", "{B901B482-8BAD-406A-BAAB-CBFDD7EF9CE1}"
EndProject
Global
	GlobalSection(SolutionConfigurationPlatforms) = preSolution
		Debug|x64 = Debug|x64
		Debug|x86 = Debug|x86
		Release|x64 = Release|x64
		Release|x86 = Release|x86
	EndGlobalSection
	GlobalSection(ProjectConfigurationPlatforms) = postSolution
		{9C5BFF5A-F9AB-40C2-86F3-7A2999B97F84}.Debug|x64.ActiveCfg = Debug|x64
		{9C5BFF5A-F9AB-40C2-86F3-7A2999B97F84}.Debug|x64.Build.0 = Debug|x64
		{9C5BFF5A-F9AB-40C2-86F3-7A2999B97F84}.Debug|x86.ActiveCfg = Debug|Win32
		{9C5BFF5A-F9AB-40C2-86F3-7A2999B97F84}.Debug|x86.Build.0 = Debug|Win32
		{9C5BFF5A-F9AB-40C2-86F3-7A2999B97F84}.Release|x64.ActiveCfg = Release|x64
		{9C5BFF5A-F9AB-40C2-86F3-7A2999B97F84}.Release|x64.Build.0 = Release|x64
		{9C5BFF5A-F9AB-40C2-86F3-7A2999B97F84}.Release|x86.ActiveCfg = Release|Win32
		{9C5BFF5A-F9AB-40C2-86F3-7A2999B97F84}.Release|x86.Build.0 = Release|Win32
		{837D7127-8CC8-4BE6-854A-08FD0ED9AA9D}.Debug|x64.ActiveCfg = Debug|x64
		{837D7127-8CC8-4BE6-854A-08FD0ED9AA9D}.Debug|x64.Build.0 = Debug|x64
		{837D7127-8CC8-4BE6-854A-08FD0ED9AA9D}.Debug|x86.ActiveCfg = Debug|Win32
		{837D7127-8CC8-4BE6-854A-08FD0ED9AA9D}.Debug|x86.Build.0 = Debug|Win32
		{837D7127-8CC8-4BE6-854A-08FD0ED9AA9D}.Release|x64.ActiveCfg = Release|x64
		{837D7127-8CC8-4BE6-854A-08FD0ED9AA9D}.Release|x64.Build.0 = Release|x64
		{837D7127-8CC8-4BE6-854A-08FD0ED9AA9D}.Release|x86.ActiveCfg = Release|Win32
		{837D7127-8CC8-4BE6-854A-08FD0ED9AA9D}.Release|x86.Build.0 = Release|Win32
		{C8E7FAFF-C9C3-4ED3-B132-22ABBC7F4EDD}.Debug|x64.ActiveCfg = Debug|x64
		{C8E7FAFF-C9C3-4ED3-B132-22ABBC7F4EDD}.Debug|x64.Build.0 = Debug|x64
		{C8E7FAFF-C9C3-4ED3-B132-22ABBC7F4EDD}.Debug|x86.ActiveCfg = Debug|Win32
		{C8E7FAFF-C9C3-4ED3-B132-22ABBC7F4EDD}.Debug|x86.Build.0 = Debug|Win32
		{C8E7FAFF-C9C3-4ED3-B132-22ABBC7F4EDD}.Release|x64.ActiveCfg = Release|x64
		{C8E7FAFF-C9C3-4ED3-B132-22ABBC7F4EDD}.Release|x64.Build.0 = Release|x64
		{C8E7FAFF-C9C3-4ED3-B132-22ABBC7F4EDD}.Release|x86.ActiveCfg = Release|Win32
		{C8E7FAFF-C9C3-4ED3-B132-22ABBC7F4EDD}.Release|x86.Build.0 = Release|Win32
		{B901B482-8BAD-406A-BAAB-CBFDD7EF9CE1}.Debug|x64.ActiveCfg = Debug|x64
		{B901B482-8BAD-406A-BAAB-CBFDD7EF9CE1}.Debug|x64.Build.0 = Debug|x64
		{B901B482-8BAD-406A-BAAB-CBFDD7EF9CE1}.Debug|x86.ActiveCfg = Debug|Win32
		{B901B482-8BAD-406A-BAAB-CBFDD7EF9CE1}.Debug|x86.Build.0 = Debug|Win32
		{B901B482-8BAD-406A-BAAB-CBFDD7EF9CE1}.Release|x64.ActiveCfg = Release|x64
		{B901B482-8BAD-406A-BAAB-CBFDD7EF9CE1}.Release|x64.Build.0 = Release|x64
		{B901B482-8BAD-406A-BAAB-CBFDD7EF9CE1}.Release|x86.ActiveCfg = Release|Win32
		{B901B482-8BAD-406A-BAAB-CBFDD7EF9CE1}.Release|x86.Build.0 = Release|Win32
	EndGlobalSection
	GlobalSection(SolutionProperties) = preSolution
		HideSolutionNode = FALSE
	EndGlobalSection
	GlobalSection(ExtensibilityGlobals) = postSolution
		SolutionGuid = {B788586A-E4C8-4AE8-A47A-95162C78BC31}
	EndGlobalSection
EndGlobal
